Microsoft Visual Studio Solution File, Format Version 11.00
# Visual Studio 2008

Project("{7671B643-830C-8A1A-1B70-CF9838D338E0}") = "gameDigaum", "Assembly-CSharp.csproj", "{C9CB2EB0-FFEF-5B9D-D4B4-0DFD578F3E73}"
EndProject
Global
	GlobalSection(SolutionConfigurationPlatforms) = preSolution
		Debug|Any CPU = Debug|Any CPU
		Release|Any CPU = Release|Any CPU
	EndGlobalSection
	GlobalSection(ProjectConfigurationPlatforms) = postSolution
		{C9CB2EB0-FFEF-5B9D-D4B4-0DFD578F3E73}.Debug|Any CPU.ActiveCfg = Debug|Any CPU
		{C9CB2EB0-FFEF-5B9D-D4B4-0DFD578F3E73}.Debug|Any CPU.Build.0 = Debug|Any CPU
		{C9CB2EB0-FFEF-5B9D-D4B4-0DFD578F3E73}.Release|Any CPU.ActiveCfg = Release|Any CPU
		{C9CB2EB0-FFEF-5B9D-D4B4-0DFD578F3E73}.Release|Any CPU.Build.0 = Release|Any CPU
	EndGlobalSection
	GlobalSection(SolutionProperties) = preSolution
		HideSolutionNode = FALSE
	EndGlobalSection
	GlobalSection(MonoDevelopProperties) = preSolution
		StartupItem = Assembly-CSharp.csproj
	EndGlobalSection
EndGlobal
